// !$*UTF8*$!
{
	archiveVersion = 1;
	classes = {
	};
	objectVersion = 52;
	objects = {

/* Begin PBXBuildFile section */
		299283FD2410319000295BD4 /* CountDownBox.swift in Sources */ = {isa = PBXBuildFile; fileRef = 299283FC2410319000295BD4 /* CountDownBox.swift */; };
		29A2791223E9FC0C00521C3C /* AppDelegate.swift in Sources */ = {isa = PBXBuildFile; fileRef = 29A2791123E9FC0C00521C3C /* AppDelegate.swift */; };
		29A2791423E9FC0C00521C3C /* SceneDelegate.swift in Sources */ = {isa = PBXBuildFile; fileRef = 29A2791323E9FC0C00521C3C /* SceneDelegate.swift */; };
		29A2791623E9FC0C00521C3C /* ContentView.swift in Sources */ = {isa = PBXBuildFile; fileRef = 29A2791523E9FC0C00521C3C /* ContentView.swift */; };
		29A2791823E9FC0F00521C3C /* Assets.xcassets in Resources */ = {isa = PBXBuildFile; fileRef = 29A2791723E9FC0F00521C3C /* Assets.xcassets */; };
		29A2791B23E9FC0F00521C3C /* Preview Assets.xcassets in Resources */ = {isa = PBXBuildFile; fileRef = 29A2791A23E9FC0F00521C3C /* Preview Assets.xcassets */; };
		29A2791E23E9FC0F00521C3C /* LaunchScreen.storyboard in Resources */ = {isa = PBXBuildFile; fileRef = 29A2791C23E9FC0F00521C3C /* LaunchScreen.storyboard */; };
		29A2792923E9FC0F00521C3C /* NotateTests.swift in Sources */ = {isa = PBXBuildFile; fileRef = 29A2792823E9FC0F00521C3C /* NotateTests.swift */; };
		29A2793423E9FC0F00521C3C /* NotateUITests.swift in Sources */ = {isa = PBXBuildFile; fileRef = 29A2793323E9FC0F00521C3C /* NotateUITests.swift */; };
		29A2794523EA06A400521C3C /* SingleKeyTestView.swift in Sources */ = {isa = PBXBuildFile; fileRef = 29A2794423EA06A400521C3C /* SingleKeyTestView.swift */; };
		29A2794723EA0A6C00521C3C /* AudioRecorder.swift in Sources */ = {isa = PBXBuildFile; fileRef = 29A2794623EA0A6C00521C3C /* AudioRecorder.swift */; };
		29A2794923EA197500521C3C /* AudioAnalyzer.swift in Sources */ = {isa = PBXBuildFile; fileRef = 29A2794823EA197500521C3C /* AudioAnalyzer.swift */; };
		29A2794B23ED166E00521C3C /* FFTResult.swift in Sources */ = {isa = PBXBuildFile; fileRef = 29A2794A23ED166E00521C3C /* FFTResult.swift */; };
		81C3DB36835841428FFE8A57 /* Pods_Notate.framework in Frameworks */ = {isa = PBXBuildFile; fileRef = 256D167194A20C172BFFF86E /* Pods_Notate.framework */; };
		C79107015BAAA93482490AF0 /* Pods_NotateTests.framework in Frameworks */ = {isa = PBXBuildFile; fileRef = 1F62E75BC62E6A7AEB5539A3 /* Pods_NotateTests.framework */; };
		E992E05C6DBD0673E3F734E2 /* Pods_Notate_NotateUITests.framework in Frameworks */ = {isa = PBXBuildFile; fileRef = 262C341665E4E54E3F783C95 /* Pods_Notate_NotateUITests.framework */; };
		F5118273240D9A630088DD95 /* LyricsView.swift in Sources */ = {isa = PBXBuildFile; fileRef = F5118272240D9A630088DD95 /* LyricsView.swift */; };
		F5118275240D9C4E0088DD95 /* TextView.swift in Sources */ = {isa = PBXBuildFile; fileRef = F5118274240D9C4E0088DD95 /* TextView.swift */; };
		F589B4BA23ECA70800F80545 /* TimerView.swift in Sources */ = {isa = PBXBuildFile; fileRef = F589B4B923ECA70800F80545 /* TimerView.swift */; };
		F589B4BE23ECBF9E00F80545 /* TimerHelper.swift in Sources */ = {isa = PBXBuildFile; fileRef = F589B4BD23ECBF9E00F80545 /* TimerHelper.swift */; };
		F589B4C223ECCF0900F80545 /* MetroBar1.wav in Resources */ = {isa = PBXBuildFile; fileRef = F589B4C123ECCF0900F80545 /* MetroBar1.wav */; };
		F589B4C423ECCF5800F80545 /* Metronome.swift in Sources */ = {isa = PBXBuildFile; fileRef = F589B4C323ECCF5800F80545 /* Metronome.swift */; };
		F5B7FD562410350B007DBD6B /* MainMenu.swift in Sources */ = {isa = PBXBuildFile; fileRef = F5B7FD552410350B007DBD6B /* MainMenu.swift */; };
		F5ED16A62401C2F40008741D /* BPMSelectView.swift in Sources */ = {isa = PBXBuildFile; fileRef = F5ED16A52401C2F40008741D /* BPMSelectView.swift */; };
/* End PBXBuildFile section */

/* Begin PBXContainerItemProxy section */
		29A2792523E9FC0F00521C3C /* PBXContainerItemProxy */ = {
			isa = PBXContainerItemProxy;
			containerPortal = 29A2790623E9FC0C00521C3C /* Project object */;
			proxyType = 1;
			remoteGlobalIDString = 29A2790D23E9FC0C00521C3C;
			remoteInfo = Notate;
		};
		29A2793023E9FC0F00521C3C /* PBXContainerItemProxy */ = {
			isa = PBXContainerItemProxy;
			containerPortal = 29A2790623E9FC0C00521C3C /* Project object */;
			proxyType = 1;
			remoteGlobalIDString = 29A2790D23E9FC0C00521C3C;
			remoteInfo = Notate;
		};
/* End PBXContainerItemProxy section */

/* Begin PBXFileReference section */
		1F62E75BC62E6A7AEB5539A3 /* Pods_NotateTests.framework */ = {isa = PBXFileReference; explicitFileType = wrapper.framework; includeInIndex = 0; path = Pods_NotateTests.framework; sourceTree = BUILT_PRODUCTS_DIR; };
		256D167194A20C172BFFF86E /* Pods_Notate.framework */ = {isa = PBXFileReference; explicitFileType = wrapper.framework; includeInIndex = 0; path = Pods_Notate.framework; sourceTree = BUILT_PRODUCTS_DIR; };
		262C341665E4E54E3F783C95 /* Pods_Notate_NotateUITests.framework */ = {isa = PBXFileReference; explicitFileType = wrapper.framework; includeInIndex = 0; path = Pods_Notate_NotateUITests.framework; sourceTree = BUILT_PRODUCTS_DIR; };
		299283FC2410319000295BD4 /* CountDownBox.swift */ = {isa = PBXFileReference; lastKnownFileType = sourcecode.swift; path = CountDownBox.swift; sourceTree = "<group>"; };
		29A2790E23E9FC0C00521C3C /* Notate.app */ = {isa = PBXFileReference; explicitFileType = wrapper.application; includeInIndex = 0; path = Notate.app; sourceTree = BUILT_PRODUCTS_DIR; };
		29A2791123E9FC0C00521C3C /* AppDelegate.swift */ = {isa = PBXFileReference; lastKnownFileType = sourcecode.swift; path = AppDelegate.swift; sourceTree = "<group>"; };
		29A2791323E9FC0C00521C3C /* SceneDelegate.swift */ = {isa = PBXFileReference; lastKnownFileType = sourcecode.swift; path = SceneDelegate.swift; sourceTree = "<group>"; };
		29A2791523E9FC0C00521C3C /* ContentView.swift */ = {isa = PBXFileReference; lastKnownFileType = sourcecode.swift; path = ContentView.swift; sourceTree = "<group>"; };
		29A2791723E9FC0F00521C3C /* Assets.xcassets */ = {isa = PBXFileReference; lastKnownFileType = folder.assetcatalog; path = Assets.xcassets; sourceTree = "<group>"; };
		29A2791A23E9FC0F00521C3C /* Preview Assets.xcassets */ = {isa = PBXFileReference; lastKnownFileType = folder.assetcatalog; path = "Preview Assets.xcassets"; sourceTree = "<group>"; };
		29A2791D23E9FC0F00521C3C /* Base */ = {isa = PBXFileReference; lastKnownFileType = file.storyboard; name = Base; path = Base.lproj/LaunchScreen.storyboard; sourceTree = "<group>"; };
		29A2791F23E9FC0F00521C3C /* Info.plist */ = {isa = PBXFileReference; lastKnownFileType = text.plist.xml; path = Info.plist; sourceTree = "<group>"; };
		29A2792423E9FC0F00521C3C /* NotateTests.xctest */ = {isa = PBXFileReference; explicitFileType = wrapper.cfbundle; includeInIndex = 0; path = NotateTests.xctest; sourceTree = BUILT_PRODUCTS_DIR; };
		29A2792823E9FC0F00521C3C /* NotateTests.swift */ = {isa = PBXFileReference; lastKnownFileType = sourcecode.swift; path = NotateTests.swift; sourceTree = "<group>"; };
		29A2792A23E9FC0F00521C3C /* Info.plist */ = {isa = PBXFileReference; lastKnownFileType = text.plist.xml; path = Info.plist; sourceTree = "<group>"; };
		29A2792F23E9FC0F00521C3C /* NotateUITests.xctest */ = {isa = PBXFileReference; explicitFileType = wrapper.cfbundle; includeInIndex = 0; path = NotateUITests.xctest; sourceTree = BUILT_PRODUCTS_DIR; };
		29A2793323E9FC0F00521C3C /* NotateUITests.swift */ = {isa = PBXFileReference; lastKnownFileType = sourcecode.swift; path = NotateUITests.swift; sourceTree = "<group>"; };
		29A2793523E9FC0F00521C3C /* Info.plist */ = {isa = PBXFileReference; lastKnownFileType = text.plist.xml; path = Info.plist; sourceTree = "<group>"; };
		29A2794423EA06A400521C3C /* SingleKeyTestView.swift */ = {isa = PBXFileReference; lastKnownFileType = sourcecode.swift; path = SingleKeyTestView.swift; sourceTree = "<group>"; };
		29A2794623EA0A6C00521C3C /* AudioRecorder.swift */ = {isa = PBXFileReference; lastKnownFileType = sourcecode.swift; path = AudioRecorder.swift; sourceTree = "<group>"; };
		29A2794823EA197500521C3C /* AudioAnalyzer.swift */ = {isa = PBXFileReference; lastKnownFileType = sourcecode.swift; path = AudioAnalyzer.swift; sourceTree = "<group>"; };
		29A2794A23ED166E00521C3C /* FFTResult.swift */ = {isa = PBXFileReference; lastKnownFileType = sourcecode.swift; path = FFTResult.swift; sourceTree = "<group>"; };
		A5298C789F0B270E03717BE4 /* Pods-NotateTests.debug.xcconfig */ = {isa = PBXFileReference; includeInIndex = 1; lastKnownFileType = text.xcconfig; name = "Pods-NotateTests.debug.xcconfig"; path = "Target Support Files/Pods-NotateTests/Pods-NotateTests.debug.xcconfig"; sourceTree = "<group>"; };
		A8ECC3F18FBFC41836C4CAAB /* Pods-Notate.debug.xcconfig */ = {isa = PBXFileReference; includeInIndex = 1; lastKnownFileType = text.xcconfig; name = "Pods-Notate.debug.xcconfig"; path = "Target Support Files/Pods-Notate/Pods-Notate.debug.xcconfig"; sourceTree = "<group>"; };
		BC37AD0A4ED9C03515ABA1A6 /* Pods-Notate-NotateUITests.debug.xcconfig */ = {isa = PBXFileReference; includeInIndex = 1; lastKnownFileType = text.xcconfig; name = "Pods-Notate-NotateUITests.debug.xcconfig"; path = "Target Support Files/Pods-Notate-NotateUITests/Pods-Notate-NotateUITests.debug.xcconfig"; sourceTree = "<group>"; };
		C22EBD260EF09AE5BAB4FEC3 /* Pods-NotateTests.release.xcconfig */ = {isa = PBXFileReference; includeInIndex = 1; lastKnownFileType = text.xcconfig; name = "Pods-NotateTests.release.xcconfig"; path = "Target Support Files/Pods-NotateTests/Pods-NotateTests.release.xcconfig"; sourceTree = "<group>"; };
		D98C889E4C98FFEF88C468C9 /* Pods-Notate-NotateUITests.release.xcconfig */ = {isa = PBXFileReference; includeInIndex = 1; lastKnownFileType = text.xcconfig; name = "Pods-Notate-NotateUITests.release.xcconfig"; path = "Target Support Files/Pods-Notate-NotateUITests/Pods-Notate-NotateUITests.release.xcconfig"; sourceTree = "<group>"; };
		DC5191EC44DD4976446C751F /* Pods-Notate.release.xcconfig */ = {isa = PBXFileReference; includeInIndex = 1; lastKnownFileType = text.xcconfig; name = "Pods-Notate.release.xcconfig"; path = "Target Support Files/Pods-Notate/Pods-Notate.release.xcconfig"; sourceTree = "<group>"; };
		F5118272240D9A630088DD95 /* LyricsView.swift */ = {isa = PBXFileReference; lastKnownFileType = sourcecode.swift; path = LyricsView.swift; sourceTree = "<group>"; };
		F5118274240D9C4E0088DD95 /* TextView.swift */ = {isa = PBXFileReference; lastKnownFileType = sourcecode.swift; path = TextView.swift; sourceTree = "<group>"; };
		F589B4B923ECA70800F80545 /* TimerView.swift */ = {isa = PBXFileReference; lastKnownFileType = sourcecode.swift; path = TimerView.swift; sourceTree = "<group>"; };
		F589B4BD23ECBF9E00F80545 /* TimerHelper.swift */ = {isa = PBXFileReference; lastKnownFileType = sourcecode.swift; path = TimerHelper.swift; sourceTree = "<group>"; };
		F589B4C123ECCF0900F80545 /* MetroBar1.wav */ = {isa = PBXFileReference; lastKnownFileType = audio.wav; path = MetroBar1.wav; sourceTree = "<group>"; };
		F589B4C323ECCF5800F80545 /* Metronome.swift */ = {isa = PBXFileReference; lastKnownFileType = sourcecode.swift; path = Metronome.swift; sourceTree = "<group>"; };
		F5B7FD552410350B007DBD6B /* MainMenu.swift */ = {isa = PBXFileReference; lastKnownFileType = sourcecode.swift; path = MainMenu.swift; sourceTree = "<group>"; };
		F5ED16A52401C2F40008741D /* BPMSelectView.swift */ = {isa = PBXFileReference; lastKnownFileType = sourcecode.swift; path = BPMSelectView.swift; sourceTree = "<group>"; };
/* End PBXFileReference section */

/* Begin PBXFrameworksBuildPhase section */
		29A2790B23E9FC0C00521C3C /* Frameworks */ = {
			isa = PBXFrameworksBuildPhase;
			buildActionMask = 2147483647;
			files = (
				81C3DB36835841428FFE8A57 /* Pods_Notate.framework in Frameworks */,
			);
			runOnlyForDeploymentPostprocessing = 0;
		};
		29A2792123E9FC0F00521C3C /* Frameworks */ = {
			isa = PBXFrameworksBuildPhase;
			buildActionMask = 2147483647;
			files = (
				C79107015BAAA93482490AF0 /* Pods_NotateTests.framework in Frameworks */,
			);
			runOnlyForDeploymentPostprocessing = 0;
		};
		29A2792C23E9FC0F00521C3C /* Frameworks */ = {
			isa = PBXFrameworksBuildPhase;
			buildActionMask = 2147483647;
			files = (
				E992E05C6DBD0673E3F734E2 /* Pods_Notate_NotateUITests.framework in Frameworks */,
			);
			runOnlyForDeploymentPostprocessing = 0;
		};
/* End PBXFrameworksBuildPhase section */

/* Begin PBXGroup section */
		2234A5AE09D9679CCB47ED72 /* Pods */ = {
			isa = PBXGroup;
			children = (
				A8ECC3F18FBFC41836C4CAAB /* Pods-Notate.debug.xcconfig */,
				DC5191EC44DD4976446C751F /* Pods-Notate.release.xcconfig */,
				BC37AD0A4ED9C03515ABA1A6 /* Pods-Notate-NotateUITests.debug.xcconfig */,
				D98C889E4C98FFEF88C468C9 /* Pods-Notate-NotateUITests.release.xcconfig */,
				A5298C789F0B270E03717BE4 /* Pods-NotateTests.debug.xcconfig */,
				C22EBD260EF09AE5BAB4FEC3 /* Pods-NotateTests.release.xcconfig */,
			);
			path = Pods;
			sourceTree = "<group>";
		};
		29A2790523E9FC0C00521C3C = {
			isa = PBXGroup;
			children = (
				F5118276240DBAE50088DD95 /* Images */,
				29A2791023E9FC0C00521C3C /* Notate */,
				29A2792723E9FC0F00521C3C /* NotateTests */,
				29A2793223E9FC0F00521C3C /* NotateUITests */,
				29A2790F23E9FC0C00521C3C /* Products */,
				2234A5AE09D9679CCB47ED72 /* Pods */,
				4C5BCB4874F55B1E7A2E1588 /* Frameworks */,
			);
			sourceTree = "<group>";
		};
		29A2790F23E9FC0C00521C3C /* Products */ = {
			isa = PBXGroup;
			children = (
				29A2790E23E9FC0C00521C3C /* Notate.app */,
				29A2792423E9FC0F00521C3C /* NotateTests.xctest */,
				29A2792F23E9FC0F00521C3C /* NotateUITests.xctest */,
			);
			name = Products;
			sourceTree = "<group>";
		};
		29A2791023E9FC0C00521C3C /* Notate */ = {
			isa = PBXGroup;
			children = (
				F589B4C523ECD18400F80545 /* Audio */,
				29B6A575240F365B004E86B3 /* Data */,
				29A2794323EA036700521C3C /* Models */,
				29A2794223EA035C00521C3C /* SupportViews */,
				29A2794123EA034300521C3C /* Views */,
				29A2791123E9FC0C00521C3C /* AppDelegate.swift */,
				29A2791323E9FC0C00521C3C /* SceneDelegate.swift */,
				29A2791523E9FC0C00521C3C /* ContentView.swift */,
				29A2791723E9FC0F00521C3C /* Assets.xcassets */,
				29A2791C23E9FC0F00521C3C /* LaunchScreen.storyboard */,
				29A2791F23E9FC0F00521C3C /* Info.plist */,
				29A2791923E9FC0F00521C3C /* Preview Content */,
			);
			path = Notate;
			sourceTree = "<group>";
		};
		29A2791923E9FC0F00521C3C /* Preview Content */ = {
			isa = PBXGroup;
			children = (
				29A2791A23E9FC0F00521C3C /* Preview Assets.xcassets */,
			);
			path = "Preview Content";
			sourceTree = "<group>";
		};
		29A2792723E9FC0F00521C3C /* NotateTests */ = {
			isa = PBXGroup;
			children = (
				29A2792823E9FC0F00521C3C /* NotateTests.swift */,
				29A2792A23E9FC0F00521C3C /* Info.plist */,
			);
			path = NotateTests;
			sourceTree = "<group>";
		};
		29A2793223E9FC0F00521C3C /* NotateUITests */ = {
			isa = PBXGroup;
			children = (
				29A2793323E9FC0F00521C3C /* NotateUITests.swift */,
				29A2793523E9FC0F00521C3C /* Info.plist */,
			);
			path = NotateUITests;
			sourceTree = "<group>";
		};
		29A2794123EA034300521C3C /* Views */ = {
			isa = PBXGroup;
			children = (
				29A2794423EA06A400521C3C /* SingleKeyTestView.swift */,
				F589B4B923ECA70800F80545 /* TimerView.swift */,
				F5ED16A52401C2F40008741D /* BPMSelectView.swift */,
				F5118272240D9A630088DD95 /* LyricsView.swift */,
				F5B7FD552410350B007DBD6B /* MainMenu.swift */,
			);
			path = Views;
			sourceTree = "<group>";
		};
		29A2794223EA035C00521C3C /* SupportViews */ = {
			isa = PBXGroup;
			children = (
				299283FC2410319000295BD4 /* CountDownBox.swift */,
			);
			path = SupportViews;
			sourceTree = "<group>";
		};
		29A2794323EA036700521C3C /* Models */ = {
			isa = PBXGroup;
			children = (
				29A2794623EA0A6C00521C3C /* AudioRecorder.swift */,
				29A2794823EA197500521C3C /* AudioAnalyzer.swift */,
				29A2794A23ED166E00521C3C /* FFTResult.swift */,
				F589B4BD23ECBF9E00F80545 /* TimerHelper.swift */,
				F589B4C323ECCF5800F80545 /* Metronome.swift */,
				F5118274240D9C4E0088DD95 /* TextView.swift */,
			);
			path = Models;
			sourceTree = "<group>";
		};
		29B6A575240F365B004E86B3 /* Data */ = {
			isa = PBXGroup;
			children = (
			);
			path = Data;
			sourceTree = "<group>";
		};
		4C5BCB4874F55B1E7A2E1588 /* Frameworks */ = {
			isa = PBXGroup;
			children = (
				256D167194A20C172BFFF86E /* Pods_Notate.framework */,
				262C341665E4E54E3F783C95 /* Pods_Notate_NotateUITests.framework */,
				1F62E75BC62E6A7AEB5539A3 /* Pods_NotateTests.framework */,
			);
			name = Frameworks;
			sourceTree = "<group>";
		};
		F5118276240DBAE50088DD95 /* Images */ = {
			isa = PBXGroup;
			children = (
			);
			path = Images;
			sourceTree = "<group>";
		};
		F589B4C523ECD18400F80545 /* Audio */ = {
			isa = PBXGroup;
			children = (
				F589B4C123ECCF0900F80545 /* MetroBar1.wav */,
			);
			path = Audio;
			sourceTree = "<group>";
		};
/* End PBXGroup section */

/* Begin PBXNativeTarget section */
		29A2790D23E9FC0C00521C3C /* Notate */ = {
			isa = PBXNativeTarget;
			buildConfigurationList = 29A2793823E9FC0F00521C3C /* Build configuration list for PBXNativeTarget "Notate" */;
			buildPhases = (
				21A2696183A9921F1C426771 /* [CP] Check Pods Manifest.lock */,
				29A2790A23E9FC0C00521C3C /* Sources */,
				29A2790B23E9FC0C00521C3C /* Frameworks */,
				29A2790C23E9FC0C00521C3C /* Resources */,
				954952F42AADDD098FF4F9F0 /* [CP] Embed Pods Frameworks */,
			);
			buildRules = (
			);
			dependencies = (
			);
			name = Notate;
			productName = Notate;
			productReference = 29A2790E23E9FC0C00521C3C /* Notate.app */;
			productType = "com.apple.product-type.application";
		};
		29A2792323E9FC0F00521C3C /* NotateTests */ = {
			isa = PBXNativeTarget;
			buildConfigurationList = 29A2793B23E9FC0F00521C3C /* Build configuration list for PBXNativeTarget "NotateTests" */;
			buildPhases = (
				273CABB779E45D541A2A99DF /* [CP] Check Pods Manifest.lock */,
				29A2792023E9FC0F00521C3C /* Sources */,
				29A2792123E9FC0F00521C3C /* Frameworks */,
				29A2792223E9FC0F00521C3C /* Resources */,
			);
			buildRules = (
			);
			dependencies = (
				29A2792623E9FC0F00521C3C /* PBXTargetDependency */,
			);
			name = NotateTests;
			productName = NotateTests;
			productReference = 29A2792423E9FC0F00521C3C /* NotateTests.xctest */;
			productType = "com.apple.product-type.bundle.unit-test";
		};
		29A2792E23E9FC0F00521C3C /* NotateUITests */ = {
			isa = PBXNativeTarget;
			buildConfigurationList = 29A2793E23E9FC0F00521C3C /* Build configuration list for PBXNativeTarget "NotateUITests" */;
			buildPhases = (
				3B9CB002FA6BB6A7DD4FEFDC /* [CP] Check Pods Manifest.lock */,
				29A2792B23E9FC0F00521C3C /* Sources */,
				29A2792C23E9FC0F00521C3C /* Frameworks */,
				29A2792D23E9FC0F00521C3C /* Resources */,
				E747213922F72904E99A69B8 /* [CP] Embed Pods Frameworks */,
			);
			buildRules = (
			);
			dependencies = (
				29A2793123E9FC0F00521C3C /* PBXTargetDependency */,
			);
			name = NotateUITests;
			productName = NotateUITests;
			productReference = 29A2792F23E9FC0F00521C3C /* NotateUITests.xctest */;
			productType = "com.apple.product-type.bundle.ui-testing";
		};
/* End PBXNativeTarget section */

/* Begin PBXProject section */
		29A2790623E9FC0C00521C3C /* Project object */ = {
			isa = PBXProject;
			attributes = {
				LastSwiftUpdateCheck = 1130;
				LastUpgradeCheck = 1130;
				ORGANIZATIONNAME = "Yilun Huang";
				TargetAttributes = {
					29A2790D23E9FC0C00521C3C = {
						CreatedOnToolsVersion = 11.3;
					};
					29A2792323E9FC0F00521C3C = {
						CreatedOnToolsVersion = 11.3;
						TestTargetID = 29A2790D23E9FC0C00521C3C;
					};
					29A2792E23E9FC0F00521C3C = {
						CreatedOnToolsVersion = 11.3;
						TestTargetID = 29A2790D23E9FC0C00521C3C;
					};
				};
			};
			buildConfigurationList = 29A2790923E9FC0C00521C3C /* Build configuration list for PBXProject "Notate" */;
			compatibilityVersion = "Xcode 11.0";
			developmentRegion = en;
			hasScannedForEncodings = 0;
			knownRegions = (
				en,
				Base,
			);
			mainGroup = 29A2790523E9FC0C00521C3C;
			productRefGroup = 29A2790F23E9FC0C00521C3C /* Products */;
			projectDirPath = "";
			projectRoot = "";
			targets = (
				29A2790D23E9FC0C00521C3C /* Notate */,
				29A2792323E9FC0F00521C3C /* NotateTests */,
				29A2792E23E9FC0F00521C3C /* NotateUITests */,
			);
		};
/* End PBXProject section */

/* Begin PBXResourcesBuildPhase section */
		29A2790C23E9FC0C00521C3C /* Resources */ = {
			isa = PBXResourcesBuildPhase;
			buildActionMask = 2147483647;
			files = (
				29A2791E23E9FC0F00521C3C /* LaunchScreen.storyboard in Resources */,
				29A2791B23E9FC0F00521C3C /* Preview Assets.xcassets in Resources */,
				F589B4C223ECCF0900F80545 /* MetroBar1.wav in Resources */,
				29A2791823E9FC0F00521C3C /* Assets.xcassets in Resources */,
			);
			runOnlyForDeploymentPostprocessing = 0;
		};
		29A2792223E9FC0F00521C3C /* Resources */ = {
			isa = PBXResourcesBuildPhase;
			buildActionMask = 2147483647;
			files = (
			);
			runOnlyForDeploymentPostprocessing = 0;
		};
		29A2792D23E9FC0F00521C3C /* Resources */ = {
			isa = PBXResourcesBuildPhase;
			buildActionMask = 2147483647;
			files = (
			);
			runOnlyForDeploymentPostprocessing = 0;
		};
/* End PBXResourcesBuildPhase section */

/* Begin PBXShellScriptBuildPhase section */
		21A2696183A9921F1C426771 /* [CP] Check Pods Manifest.lock */ = {
			isa = PBXShellScriptBuildPhase;
			buildActionMask = 2147483647;
			files = (
			);
			inputFileListPaths = (
			);
			inputPaths = (
				"${PODS_PODFILE_DIR_PATH}/Podfile.lock",
				"${PODS_ROOT}/Manifest.lock",
			);
			name = "[CP] Check Pods Manifest.lock";
			outputFileListPaths = (
			);
			outputPaths = (
				"$(DERIVED_FILE_DIR)/Pods-Notate-checkManifestLockResult.txt",
			);
			runOnlyForDeploymentPostprocessing = 0;
			shellPath = /bin/sh;
			shellScript = "diff \"${PODS_PODFILE_DIR_PATH}/Podfile.lock\" \"${PODS_ROOT}/Manifest.lock\" > /dev/null\nif [ $? != 0 ] ; then\n    # print error to STDERR\n    echo \"error: The sandbox is not in sync with the Podfile.lock. Run 'pod install' or update your CocoaPods installation.\" >&2\n    exit 1\nfi\n# This output is used by Xcode 'outputs' to avoid re-running this script phase.\necho \"SUCCESS\" > \"${SCRIPT_OUTPUT_FILE_0}\"\n";
			showEnvVarsInLog = 0;
		};
		273CABB779E45D541A2A99DF /* [CP] Check Pods Manifest.lock */ = {
			isa = PBXShellScriptBuildPhase;
			buildActionMask = 2147483647;
			files = (
			);
			inputFileListPaths = (
			);
			inputPaths = (
				"${PODS_PODFILE_DIR_PATH}/Podfile.lock",
				"${PODS_ROOT}/Manifest.lock",
			);
			name = "[CP] Check Pods Manifest.lock";
			outputFileListPaths = (
			);
			outputPaths = (
				"$(DERIVED_FILE_DIR)/Pods-NotateTests-checkManifestLockResult.txt",
			);
			runOnlyForDeploymentPostprocessing = 0;
			shellPath = /bin/sh;
			shellScript = "diff \"${PODS_PODFILE_DIR_PATH}/Podfile.lock\" \"${PODS_ROOT}/Manifest.lock\" > /dev/null\nif [ $? != 0 ] ; then\n    # print error to STDERR\n    echo \"error: The sandbox is not in sync with the Podfile.lock. Run 'pod install' or update your CocoaPods installation.\" >&2\n    exit 1\nfi\n# This output is used by Xcode 'outputs' to avoid re-running this script phase.\necho \"SUCCESS\" > \"${SCRIPT_OUTPUT_FILE_0}\"\n";
			showEnvVarsInLog = 0;
		};
		3B9CB002FA6BB6A7DD4FEFDC /* [CP] Check Pods Manifest.lock */ = {
			isa = PBXShellScriptBuildPhase;
			buildActionMask = 2147483647;
			files = (
			);
			inputFileListPaths = (
			);
			inputPaths = (
				"${PODS_PODFILE_DIR_PATH}/Podfile.lock",
				"${PODS_ROOT}/Manifest.lock",
			);
			name = "[CP] Check Pods Manifest.lock";
			outputFileListPaths = (
			);
			outputPaths = (
				"$(DERIVED_FILE_DIR)/Pods-Notate-NotateUITests-checkManifestLockResult.txt",
			);
			runOnlyForDeploymentPostprocessing = 0;
			shellPath = /bin/sh;
			shellScript = "diff \"${PODS_PODFILE_DIR_PATH}/Podfile.lock\" \"${PODS_ROOT}/Manifest.lock\" > /dev/null\nif [ $? != 0 ] ; then\n    # print error to STDERR\n    echo \"error: The sandbox is not in sync with the Podfile.lock. Run 'pod install' or update your CocoaPods installation.\" >&2\n    exit 1\nfi\n# This output is used by Xcode 'outputs' to avoid re-running this script phase.\necho \"SUCCESS\" > \"${SCRIPT_OUTPUT_FILE_0}\"\n";
			showEnvVarsInLog = 0;
		};
		954952F42AADDD098FF4F9F0 /* [CP] Embed Pods Frameworks */ = {
			isa = PBXShellScriptBuildPhase;
			buildActionMask = 2147483647;
			files = (
			);
			inputFileListPaths = (
				"${PODS_ROOT}/Target Support Files/Pods-Notate/Pods-Notate-frameworks-${CONFIGURATION}-input-files.xcfilelist",
			);
			name = "[CP] Embed Pods Frameworks";
			outputFileListPaths = (
				"${PODS_ROOT}/Target Support Files/Pods-Notate/Pods-Notate-frameworks-${CONFIGURATION}-output-files.xcfilelist",
			);
			runOnlyForDeploymentPostprocessing = 0;
			shellPath = /bin/sh;
			shellScript = "\"${PODS_ROOT}/Target Support Files/Pods-Notate/Pods-Notate-frameworks.sh\"\n";
			showEnvVarsInLog = 0;
		};
		E747213922F72904E99A69B8 /* [CP] Embed Pods Frameworks */ = {
			isa = PBXShellScriptBuildPhase;
			buildActionMask = 2147483647;
			files = (
			);
			inputFileListPaths = (
				"${PODS_ROOT}/Target Support Files/Pods-Notate-NotateUITests/Pods-Notate-NotateUITests-frameworks-${CONFIGURATION}-input-files.xcfilelist",
			);
			name = "[CP] Embed Pods Frameworks";
			outputFileListPaths = (
				"${PODS_ROOT}/Target Support Files/Pods-Notate-NotateUITests/Pods-Notate-NotateUITests-frameworks-${CONFIGURATION}-output-files.xcfilelist",
			);
			runOnlyForDeploymentPostprocessing = 0;
			shellPath = /bin/sh;
			shellScript = "\"${PODS_ROOT}/Target Support Files/Pods-Notate-NotateUITests/Pods-Notate-NotateUITests-frameworks.sh\"\n";
			showEnvVarsInLog = 0;
		};
/* End PBXShellScriptBuildPhase section */

/* Begin PBXSourcesBuildPhase section */
		29A2790A23E9FC0C00521C3C /* Sources */ = {
			isa = PBXSourcesBuildPhase;
			buildActionMask = 2147483647;
			files = (
				F589B4C423ECCF5800F80545 /* Metronome.swift in Sources */,
				F589B4BA23ECA70800F80545 /* TimerView.swift in Sources */,
				29A2794523EA06A400521C3C /* SingleKeyTestView.swift in Sources */,
				299283FD2410319000295BD4 /* CountDownBox.swift in Sources */,
				F5118275240D9C4E0088DD95 /* TextView.swift in Sources */,
				29A2791223E9FC0C00521C3C /* AppDelegate.swift in Sources */,
				F5118273240D9A630088DD95 /* LyricsView.swift in Sources */,
				29A2791423E9FC0C00521C3C /* SceneDelegate.swift in Sources */,
				F589B4BE23ECBF9E00F80545 /* TimerHelper.swift in Sources */,
				29A2791623E9FC0C00521C3C /* ContentView.swift in Sources */,
				F5B7FD562410350B007DBD6B /* MainMenu.swift in Sources */,
				29A2794B23ED166E00521C3C /* FFTResult.swift in Sources */,
				29A2794923EA197500521C3C /* AudioAnalyzer.swift in Sources */,
				29A2794723EA0A6C00521C3C /* AudioRecorder.swift in Sources */,
				F5ED16A62401C2F40008741D /* BPMSelectView.swift in Sources */,
			);
			runOnlyForDeploymentPostprocessing = 0;
		};
		29A2792023E9FC0F00521C3C /* Sources */ = {
			isa = PBXSourcesBuildPhase;
			buildActionMask = 2147483647;
			files = (
				29A2792923E9FC0F00521C3C /* NotateTests.swift in Sources */,
			);
			runOnlyForDeploymentPostprocessing = 0;
		};
		29A2792B23E9FC0F00521C3C /* Sources */ = {
			isa = PBXSourcesBuildPhase;
			buildActionMask = 2147483647;
			files = (
				29A2793423E9FC0F00521C3C /* NotateUITests.swift in Sources */,
			);
			runOnlyForDeploymentPostprocessing = 0;
		};
/* End PBXSourcesBuildPhase section */

/* Begin PBXTargetDependency section */
		29A2792623E9FC0F00521C3C /* PBXTargetDependency */ = {
			isa = PBXTargetDependency;
			target = 29A2790D23E9FC0C00521C3C /* Notate */;
			targetProxy = 29A2792523E9FC0F00521C3C /* PBXContainerItemProxy */;
		};
		29A2793123E9FC0F00521C3C /* PBXTargetDependency */ = {
			isa = PBXTargetDependency;
			target = 29A2790D23E9FC0C00521C3C /* Notate */;
			targetProxy = 29A2793023E9FC0F00521C3C /* PBXContainerItemProxy */;
		};
/* End PBXTargetDependency section */

/* Begin PBXVariantGroup section */
		29A2791C23E9FC0F00521C3C /* LaunchScreen.storyboard */ = {
			isa = PBXVariantGroup;
			children = (
				29A2791D23E9FC0F00521C3C /* Base */,
			);
			name = LaunchScreen.storyboard;
			sourceTree = "<group>";
		};
/* End PBXVariantGroup section */

/* Begin XCBuildConfiguration section */
		29A2793623E9FC0F00521C3C /* Debug */ = {
			isa = XCBuildConfiguration;
			buildSettings = {
				ALWAYS_SEARCH_USER_PATHS = NO;
				CLANG_ANALYZER_NONNULL = YES;
				CLANG_ANALYZER_NUMBER_OBJECT_CONVERSION = YES_AGGRESSIVE;
				CLANG_CXX_LANGUAGE_STANDARD = "gnu++14";
				CLANG_CXX_LIBRARY = "libc++";
				CLANG_ENABLE_MODULES = YES;
				CLANG_ENABLE_OBJC_ARC = YES;
				CLANG_ENABLE_OBJC_WEAK = YES;
				CLANG_WARN_BLOCK_CAPTURE_AUTORELEASING = YES;
				CLANG_WARN_BOOL_CONVERSION = YES;
				CLANG_WARN_COMMA = YES;
				CLANG_WARN_CONSTANT_CONVERSION = YES;
				CLANG_WARN_DEPRECATED_OBJC_IMPLEMENTATIONS = YES;
				CLANG_WARN_DIRECT_OBJC_ISA_USAGE = YES_ERROR;
				CLANG_WARN_DOCUMENTATION_COMMENTS = YES;
				CLANG_WARN_EMPTY_BODY = YES;
				CLANG_WARN_ENUM_CONVERSION = YES;
				CLANG_WARN_INFINITE_RECURSION = YES;
				CLANG_WARN_INT_CONVERSION = YES;
				CLANG_WARN_NON_LITERAL_NULL_CONVERSION = YES;
				CLANG_WARN_OBJC_IMPLICIT_RETAIN_SELF = YES;
				CLANG_WARN_OBJC_LITERAL_CONVERSION = YES;
				CLANG_WARN_OBJC_ROOT_CLASS = YES_ERROR;
				CLANG_WARN_RANGE_LOOP_ANALYSIS = YES;
				CLANG_WARN_STRICT_PROTOTYPES = YES;
				CLANG_WARN_SUSPICIOUS_MOVE = YES;
				CLANG_WARN_UNGUARDED_AVAILABILITY = YES_AGGRESSIVE;
				CLANG_WARN_UNREACHABLE_CODE = YES;
				CLANG_WARN__DUPLICATE_METHOD_MATCH = YES;
				COPY_PHASE_STRIP = NO;
				DEBUG_INFORMATION_FORMAT = dwarf;
				ENABLE_STRICT_OBJC_MSGSEND = YES;
				ENABLE_TESTABILITY = YES;
				GCC_C_LANGUAGE_STANDARD = gnu11;
				GCC_DYNAMIC_NO_PIC = NO;
				GCC_NO_COMMON_BLOCKS = YES;
				GCC_OPTIMIZATION_LEVEL = 0;
				GCC_PREPROCESSOR_DEFINITIONS = (
					"DEBUG=1",
					"$(inherited)",
				);
				GCC_WARN_64_TO_32_BIT_CONVERSION = YES;
				GCC_WARN_ABOUT_RETURN_TYPE = YES_ERROR;
				GCC_WARN_UNDECLARED_SELECTOR = YES;
				GCC_WARN_UNINITIALIZED_AUTOS = YES_AGGRESSIVE;
				GCC_WARN_UNUSED_FUNCTION = YES;
				GCC_WARN_UNUSED_VARIABLE = YES;
				IPHONEOS_DEPLOYMENT_TARGET = 13.2;
				MTL_ENABLE_DEBUG_INFO = INCLUDE_SOURCE;
				MTL_FAST_MATH = YES;
				ONLY_ACTIVE_ARCH = YES;
				SDKROOT = iphoneos;
				SWIFT_ACTIVE_COMPILATION_CONDITIONS = DEBUG;
				SWIFT_OPTIMIZATION_LEVEL = "-Onone";
			};
			name = Debug;
		};
		29A2793723E9FC0F00521C3C /* Release */ = {
			isa = XCBuildConfiguration;
			buildSettings = {
				ALWAYS_SEARCH_USER_PATHS = NO;
				CLANG_ANALYZER_NONNULL = YES;
				CLANG_ANALYZER_NUMBER_OBJECT_CONVERSION = YES_AGGRESSIVE;
				CLANG_CXX_LANGUAGE_STANDARD = "gnu++14";
				CLANG_CXX_LIBRARY = "libc++";
				CLANG_ENABLE_MODULES = YES;
				CLANG_ENABLE_OBJC_ARC = YES;
				CLANG_ENABLE_OBJC_WEAK = YES;
				CLANG_WARN_BLOCK_CAPTURE_AUTORELEASING = YES;
				CLANG_WARN_BOOL_CONVERSION = YES;
				CLANG_WARN_COMMA = YES;
				CLANG_WARN_CONSTANT_CONVERSION = YES;
				CLANG_WARN_DEPRECATED_OBJC_IMPLEMENTATIONS = YES;
				CLANG_WARN_DIRECT_OBJC_ISA_USAGE = YES_ERROR;
				CLANG_WARN_DOCUMENTATION_COMMENTS = YES;
				CLANG_WARN_EMPTY_BODY = YES;
				CLANG_WARN_ENUM_CONVERSION = YES;
				CLANG_WARN_INFINITE_RECURSION = YES;
				CLANG_WARN_INT_CONVERSION = YES;
				CLANG_WARN_NON_LITERAL_NULL_CONVERSION = YES;
				CLANG_WARN_OBJC_IMPLICIT_RETAIN_SELF = YES;
				CLANG_WARN_OBJC_LITERAL_CONVERSION = YES;
				CLANG_WARN_OBJC_ROOT_CLASS = YES_ERROR;
				CLANG_WARN_RANGE_LOOP_ANALYSIS = YES;
				CLANG_WARN_STRICT_PROTOTYPES = YES;
				CLANG_WARN_SUSPICIOUS_MOVE = YES;
				CLANG_WARN_UNGUARDED_AVAILABILITY = YES_AGGRESSIVE;
				CLANG_WARN_UNREACHABLE_CODE = YES;
				CLANG_WARN__DUPLICATE_METHOD_MATCH = YES;
				COPY_PHASE_STRIP = NO;
				DEBUG_INFORMATION_FORMAT = "dwarf-with-dsym";
				ENABLE_NS_ASSERTIONS = NO;
				ENABLE_STRICT_OBJC_MSGSEND = YES;
				GCC_C_LANGUAGE_STANDARD = gnu11;
				GCC_NO_COMMON_BLOCKS = YES;
				GCC_WARN_64_TO_32_BIT_CONVERSION = YES;
				GCC_WARN_ABOUT_RETURN_TYPE = YES_ERROR;
				GCC_WARN_UNDECLARED_SELECTOR = YES;
				GCC_WARN_UNINITIALIZED_AUTOS = YES_AGGRESSIVE;
				GCC_WARN_UNUSED_FUNCTION = YES;
				GCC_WARN_UNUSED_VARIABLE = YES;
				IPHONEOS_DEPLOYMENT_TARGET = 13.2;
				MTL_ENABLE_DEBUG_INFO = NO;
				MTL_FAST_MATH = YES;
				SDKROOT = iphoneos;
				SWIFT_COMPILATION_MODE = wholemodule;
				SWIFT_OPTIMIZATION_LEVEL = "-O";
				VALIDATE_PRODUCT = YES;
			};
			name = Release;
		};
		29A2793923E9FC0F00521C3C /* Debug */ = {
			isa = XCBuildConfiguration;
			baseConfigurationReference = A8ECC3F18FBFC41836C4CAAB /* Pods-Notate.debug.xcconfig */;
			buildSettings = {
				ASSETCATALOG_COMPILER_APPICON_NAME = AppIcon;
				CODE_SIGN_STYLE = Automatic;
				DEVELOPMENT_ASSET_PATHS = "\"Notate/Preview Content\"";
				DEVELOPMENT_TEAM = 4WM4ZBJ6S6;
				ENABLE_PREVIEWS = YES;
				INFOPLIST_FILE = Notate/Info.plist;
				LD_RUNPATH_SEARCH_PATHS = (
					"$(inherited)",
					"@executable_path/Frameworks",
				);
				PRODUCT_BUNDLE_IDENTIFIER = "-.Notate";
				PRODUCT_NAME = "$(TARGET_NAME)";
				SWIFT_VERSION = 5.0;
				TARGETED_DEVICE_FAMILY = "1,2";
			};
			name = Debug;
		};
		29A2793A23E9FC0F00521C3C /* Release */ = {
			isa = XCBuildConfiguration;
			baseConfigurationReference = DC5191EC44DD4976446C751F /* Pods-Notate.release.xcconfig */;
			buildSettings = {
				ASSETCATALOG_COMPILER_APPICON_NAME = AppIcon;
				CODE_SIGN_STYLE = Automatic;
				DEVELOPMENT_ASSET_PATHS = "\"Notate/Preview Content\"";
				DEVELOPMENT_TEAM = 4WM4ZBJ6S6;
				ENABLE_PREVIEWS = YES;
				INFOPLIST_FILE = Notate/Info.plist;
				LD_RUNPATH_SEARCH_PATHS = (
					"$(inherited)",
					"@executable_path/Frameworks",
				);
				PRODUCT_BUNDLE_IDENTIFIER = "-.Notate";
				PRODUCT_NAME = "$(TARGET_NAME)";
				SWIFT_VERSION = 5.0;
				TARGETED_DEVICE_FAMILY = "1,2";
			};
			name = Release;
		};
		29A2793C23E9FC0F00521C3C /* Debug */ = {
			isa = XCBuildConfiguration;
			baseConfigurationReference = A5298C789F0B270E03717BE4 /* Pods-NotateTests.debug.xcconfig */;
			buildSettings = {
				ALWAYS_EMBED_SWIFT_STANDARD_LIBRARIES = YES;
				BUNDLE_LOADER = "$(TEST_HOST)";
				CODE_SIGN_STYLE = Automatic;
				DEVELOPMENT_TEAM = 9N6XMYX48R;
				INFOPLIST_FILE = NotateTests/Info.plist;
				IPHONEOS_DEPLOYMENT_TARGET = 13.2;
				LD_RUNPATH_SEARCH_PATHS = (
					"$(inherited)",
					"@executable_path/Frameworks",
					"@loader_path/Frameworks",
				);
				PRODUCT_BUNDLE_IDENTIFIER = "-.NotateTests";
				PRODUCT_NAME = "$(TARGET_NAME)";
				SWIFT_VERSION = 5.0;
				TARGETED_DEVICE_FAMILY = "1,2";
				TEST_HOST = "$(BUILT_PRODUCTS_DIR)/Notate.app/Notate";
			};
			name = Debug;
		};
		29A2793D23E9FC0F00521C3C /* Release */ = {
			isa = XCBuildConfiguration;
			baseConfigurationReference = C22EBD260EF09AE5BAB4FEC3 /* Pods-NotateTests.release.xcconfig */;
			buildSettings = {
				ALWAYS_EMBED_SWIFT_STANDARD_LIBRARIES = YES;
				BUNDLE_LOADER = "$(TEST_HOST)";
				CODE_SIGN_STYLE = Automatic;
				DEVELOPMENT_TEAM = 9N6XMYX48R;
				INFOPLIST_FILE = NotateTests/Info.plist;
				IPHONEOS_DEPLOYMENT_TARGET = 13.2;
				LD_RUNPATH_SEARCH_PATHS = (
					"$(inherited)",
					"@executable_path/Frameworks",
					"@loader_path/Frameworks",
				);
				PRODUCT_BUNDLE_IDENTIFIER = "-.NotateTests";
				PRODUCT_NAME = "$(TARGET_NAME)";
				SWIFT_VERSION = 5.0;
				TARGETED_DEVICE_FAMILY = "1,2";
				TEST_HOST = "$(BUILT_PRODUCTS_DIR)/Notate.app/Notate";
			};
			name = Release;
		};
		29A2793F23E9FC0F00521C3C /* Debug */ = {
			isa = XCBuildConfiguration;
			baseConfigurationReference = BC37AD0A4ED9C03515ABA1A6 /* Pods-Notate-NotateUITests.debug.xcconfig */;
			buildSettings = {
				ALWAYS_EMBED_SWIFT_STANDARD_LIBRARIES = YES;
				CODE_SIGN_STYLE = Automatic;
				DEVELOPMENT_TEAM = 9N6XMYX48R;
				INFOPLIST_FILE = NotateUITests/Info.plist;
				LD_RUNPATH_SEARCH_PATHS = (
					"$(inherited)",
					"@executable_path/Frameworks",
					"@loader_path/Frameworks",
				);
				PRODUCT_BUNDLE_IDENTIFIER = "-.NotateUITests";
				PRODUCT_NAME = "$(TARGET_NAME)";
				SWIFT_VERSION = 5.0;
				TARGETED_DEVICE_FAMILY = "1,2";
				TEST_TARGET_NAME = Notate;
			};
			name = Debug;
		};
		29A2794023E9FC0F00521C3C /* Release */ = {
			isa = XCBuildConfiguration;
			baseConfigurationReference = D98C889E4C98FFEF88C468C9 /* Pods-Notate-NotateUITests.release.xcconfig */;
			buildSettings = {
				ALWAYS_EMBED_SWIFT_STANDARD_LIBRARIES = YES;
				CODE_SIGN_STYLE = Automatic;
				DEVELOPMENT_TEAM = 9N6XMYX48R;
				INFOPLIST_FILE = NotateUITests/Info.plist;
				LD_RUNPATH_SEARCH_PATHS = (
					"$(inherited)",
					"@executable_path/Frameworks",
					"@loader_path/Frameworks",
				);
				PRODUCT_BUNDLE_IDENTIFIER = "-.NotateUITests";
				PRODUCT_NAME = "$(TARGET_NAME)";
				SWIFT_VERSION = 5.0;
				TARGETED_DEVICE_FAMILY = "1,2";
				TEST_TARGET_NAME = Notate;
			};
			name = Release;
		};
/* End XCBuildConfiguration section */

/* Begin XCConfigurationList section */
		29A2790923E9FC0C00521C3C /* Build configuration list for PBXProject "Notate" */ = {
			isa = XCConfigurationList;
			buildConfigurations = (
				29A2793623E9FC0F00521C3C /* Debug */,
				29A2793723E9FC0F00521C3C /* Release */,
			);
			defaultConfigurationIsVisible = 0;
			defaultConfigurationName = Release;
		};
		29A2793823E9FC0F00521C3C /* Build configuration list for PBXNativeTarget "Notate" */ = {
			isa = XCConfigurationList;
			buildConfigurations = (
				29A2793923E9FC0F00521C3C /* Debug */,
				29A2793A23E9FC0F00521C3C /* Release */,
			);
			defaultConfigurationIsVisible = 0;
			defaultConfigurationName = Release;
		};
		29A2793B23E9FC0F00521C3C /* Build configuration list for PBXNativeTarget "NotateTests" */ = {
			isa = XCConfigurationList;
			buildConfigurations = (
				29A2793C23E9FC0F00521C3C /* Debug */,
				29A2793D23E9FC0F00521C3C /* Release */,
			);
			defaultConfigurationIsVisible = 0;
			defaultConfigurationName = Release;
		};
		29A2793E23E9FC0F00521C3C /* Build configuration list for PBXNativeTarget "NotateUITests" */ = {
			isa = XCConfigurationList;
			buildConfigurations = (
				29A2793F23E9FC0F00521C3C /* Debug */,
				29A2794023E9FC0F00521C3C /* Release */,
			);
			defaultConfigurationIsVisible = 0;
			defaultConfigurationName = Release;
		};
/* End XCConfigurationList section */
	};
	rootObject = 29A2790623E9FC0C00521C3C /* Project object */;
}
